
Microsoft Visual Studio Solution File, Format Version 12.00
# Visual Studio Version 16
VisualStudioVersion = 16.0.31205.134
MinimumVisualStudioVersion = 10.0.40219.1
Project("{9A19103F-16F7-4668-BE54-9A1E7A4F7556}") = "DeliveryService", "DeliveryService\DeliveryService.csproj", "{1797BC0A-91A3-49C1-A561-D247032DAD0E}"
EndProject
Project("{9A19103F-16F7-4668-BE54-9A1E7A4F7556}") = "BLL", "BLL\BLL.csproj", "{26D6BAC8-DBEE-44B1-98FB-FF1184C3F91B}"
EndProject
Project("{9A19103F-16F7-4668-BE54-9A1E7A4F7556}") = "DAL", "DAL\DAL.csproj", "{DFE6DB9D-0A15-465A-968D-D93CAD831F96}"
EndProject
Project("{FAE04EC0-301F-11D3-BF4B-00C04F79EFBC}") = "FakeTestClasses", "FakeTestClasses\FakeTestClasses.csproj", "{88CC4E17-19D6-43EF-B81C-913D6E58A5EA}"
EndProject
Project("{FAE04EC0-301F-11D3-BF4B-00C04F79EFBC}") = "Tests.BLL", "Tests.BLL\Tests.BLL.csproj", "{D0AAD733-B45A-4972-BB92-5BFC2424A138}"
EndProject
Global
	GlobalSection(SolutionConfigurationPlatforms) = preSolution
		Debug|Any CPU = Debug|Any CPU
		Release|Any CPU = Release|Any CPU
	EndGlobalSection
	GlobalSection(ProjectConfigurationPlatforms) = postSolution
		{1797BC0A-91A3-49C1-A561-D247032DAD0E}.Debug|Any CPU.ActiveCfg = Debug|Any CPU
		{1797BC0A-91A3-49C1-A561-D247032DAD0E}.Debug|Any CPU.Build.0 = Debug|Any CPU
		{1797BC0A-91A3-49C1-A561-D247032DAD0E}.Release|Any CPU.ActiveCfg = Release|Any CPU
		{1797BC0A-91A3-49C1-A561-D247032DAD0E}.Release|Any CPU.Build.0 = Release|Any CPU
		{26D6BAC8-DBEE-44B1-98FB-FF1184C3F91B}.Debug|Any CPU.ActiveCfg = Debug|Any CPU
		{26D6BAC8-DBEE-44B1-98FB-FF1184C3F91B}.Debug|Any CPU.Build.0 = Debug|Any CPU
		{26D6BAC8-DBEE-44B1-98FB-FF1184C3F91B}.Release|Any CPU.ActiveCfg = Release|Any CPU
		{26D6BAC8-DBEE-44B1-98FB-FF1184C3F91B}.Release|Any CPU.Build.0 = Release|Any CPU
		{DFE6DB9D-0A15-465A-968D-D93CAD831F96}.Debug|Any CPU.ActiveCfg = Debug|Any CPU
		{DFE6DB9D-0A15-465A-968D-D93CAD831F96}.Debug|Any CPU.Build.0 = Debug|Any CPU
		{DFE6DB9D-0A15-465A-968D-D93CAD831F96}.Release|Any CPU.ActiveCfg = Release|Any CPU
		{DFE6DB9D-0A15-465A-968D-D93CAD831F96}.Release|Any CPU.Build.0 = Release|Any CPU
		{88CC4E17-19D6-43EF-B81C-913D6E58A5EA}.Debug|Any CPU.ActiveCfg = Debug|Any CPU
		{88CC4E17-19D6-43EF-B81C-913D6E58A5EA}.Debug|Any CPU.Build.0 = Debug|Any CPU
		{88CC4E17-19D6-43EF-B81C-913D6E58A5EA}.Release|Any CPU.ActiveCfg = Release|Any CPU
		{88CC4E17-19D6-43EF-B81C-913D6E58A5EA}.Release|Any CPU.Build.0 = Release|Any CPU
		{D0AAD733-B45A-4972-BB92-5BFC2424A138}.Debug|Any CPU.ActiveCfg = Debug|Any CPU
		{D0AAD733-B45A-4972-BB92-5BFC2424A138}.Debug|Any CPU.Build.0 = Debug|Any CPU
		{D0AAD733-B45A-4972-BB92-5BFC2424A138}.Release|Any CPU.ActiveCfg = Release|Any CPU
		{D0AAD733-B45A-4972-BB92-5BFC2424A138}.Release|Any CPU.Build.0 = Release|Any CPU
	EndGlobalSection
	GlobalSection(SolutionProperties) = preSolution
		HideSolutionNode = FALSE
	EndGlobalSection
	GlobalSection(ExtensibilityGlobals) = postSolution
		SolutionGuid = {18B83366-2717-4F38-BCBA-66C37F2A30EA}
	EndGlobalSection
EndGlobal
